{
    "name": "client",
    "version": "0.1.0",
    "lockfileVersion": 1,
    "requires": true,
    "dependencies": {
        "@bbc/telescope-kit-base": {
            "version": "5.1.1",
            "resolved": "https://registry.npmjs.org/@bbc/telescope-kit-base/-/telescope-kit-base-5.1.1.tgz",
            "integrity": "sha512-cf8F1cVw84wASPtTpqkpCLTDNrkUtvwLs+Reo0OxdXXU21q4XYgpDxTxatAO0VNu2+CnQSvWyp5Fra678kudZA=="
        },
        "@bbc/telescope-kit-button": {
            "version": "5.1.1",
            "resolved": "https://registry.npmjs.org/@bbc/telescope-kit-button/-/telescope-kit-button-5.1.1.tgz",
            "integrity": "sha512-OWry93Gm+7nXc+ndr0sTZ2TAvjyx/ZFZUBEBZGj9mfg1J45E9qy3SW4os0ejLGXTCst/r5lyWjcGfGlHMp3+Jw==",
            "requires": {
                "@bbc/telescope-kit-helpers": "^5.1.1"
            }
        },
        "@bbc/telescope-kit-helpers": {
            "version": "5.1.1",
            "resolved": "https://registry.npmjs.org/@bbc/telescope-kit-helpers/-/telescope-kit-helpers-5.1.1.tgz",
            "integrity": "sha512-ozyur78btrOHH0zR1Hm+Ess4WopiGJA8v/mMb0BXGMYyUIJHlZJSHynjBlSCdJjf/GEhjdVPOwywAVtCk0PREQ=="
        },
        "@bbc/telescope-kit-icons": {
            "version": "5.1.1",
            "resolved": "https://registry.npmjs.org/@bbc/telescope-kit-icons/-/telescope-kit-icons-5.1.1.tgz",
            "integrity": "sha512-+n58LYA+e5srXAMJpMe7HwnqaCR6NtMdw8+UBI+7/oaE2Q0vpoO71IPJ2pfQnZ10LH7zBDX7MU55BfsvdVyB7w=="
        }
    }
}
