{
  "name": "writedown",
  "version": "1.0.0",
  "lockfileVersion": 1,
  "requires": true,
  "dependencies": {
    "@bbc/telescope-kit-helpers": {
      "version": "5.0.2",
      "resolved": "https://registry.npmjs.org/@bbc/telescope-kit-helpers/-/telescope-kit-helpers-5.0.2.tgz",
      "integrity": "sha512-vS23sbq9Or/Z91YQ1U9v8WGSIPV9w9zHKmHJIfQXDhbHctMDupHFUFjMW9Nx5/nR7tJL+rwuXjQJ7UWz1nX34g=="
    },
    "@bbc/telescope-kit-icons": {
      "version": "5.0.2",
      "resolved": "https://registry.npmjs.org/@bbc/telescope-kit-icons/-/telescope-kit-icons-5.0.2.tgz",
      "integrity": "sha512-tNGHRwwkfygzhZDTwTvkdzdxqhpCud6/ljXOrn9YlerjO9J0ubJYqVpV7MgiPcCV/IiLe3HyWTQzOrs/ArT46w=="
    }
  }
}
